PODS:
  - Alamofire (4.8.2)
  - PINCache (3.0.1-beta.7):
    - PINCache/Arc-exception-safe (= 3.0.1-beta.7)
    - PINCache/Core (= 3.0.1-beta.7)
  - PINCache/Arc-exception-safe (3.0.1-beta.7):
    - PINCache/Core
  - PINCache/Core (3.0.1-beta.7):
    - PINOperation (~> 1.1.1)
  - PINOperation (1.1.2)

DEPENDENCIES:
  - Alamofire (= 4.8.2)
  - PINCache (= 3.0.1-beta.7)

SPEC REPOS:
  https://github.com/cocoapods/specs.git:
    - Alamofire
    - PINCache
    - PINOperation

SPEC CHECKSUMS:
  Alamofire: ae5c501addb7afdbb13687d7f2f722c78734c2d3
  PINCache: 7cb9ae068c8f655717f7c644ef1dff9fd573e979
  PINOperation: 24b774353ca248fcf87d67b2d61eef42087c125a

PODFILE CHECKSUM: af130635af72d1d6d6e861223d66df693e4f5918

COCOAPODS: 1.6.2
