// !$*UTF8*$!
{
	archiveVersion = 1;
	classes = {
	};
	objectVersion = 50;
	objects = {

/* Begin PBXBuildFile section */
		02C5EF6AE1EBA0EE2AB7C587 /* Pods_image_gallery.framework in Frameworks */ = {isa = PBXBuildFile; fileRef = 3574B8098A425D9289B237CB /* Pods_image_gallery.framework */; };
		2E4FCDC722B2927A00C258CE /* AppDelegate.swift in Sources */ = {isa = PBXBuildFile; fileRef = 2E4FCDC622B2927A00C258CE /* AppDelegate.swift */; };
		2E4FCDCC22B2927A00C258CE /* Main.storyboard in Resources */ = {isa = PBXBuildFile; fileRef = 2E4FCDCA22B2927A00C258CE /* Main.storyboard */; };
		2E4FCDCE22B2927C00C258CE /* Assets.xcassets in Resources */ = {isa = PBXBuildFile; fileRef = 2E4FCDCD22B2927C00C258CE /* Assets.xcassets */; };
		2E4FCDD122B2927C00C258CE /* LaunchScreen.storyboard in Resources */ = {isa = PBXBuildFile; fileRef = 2E4FCDCF22B2927C00C258CE /* LaunchScreen.storyboard */; };
		2E4FCDDC22B2927C00C258CE /* image_galleryTests.swift in Sources */ = {isa = PBXBuildFile; fileRef = 2E4FCDDB22B2927C00C258CE /* image_galleryTests.swift */; };
		2E4FCDE722B2927D00C258CE /* image_galleryUITests.swift in Sources */ = {isa = PBXBuildFile; fileRef = 2E4FCDE622B2927D00C258CE /* image_galleryUITests.swift */; };
		2E75CEA122B39FAB006855C0 /* PhotoGalleryCollectionViewController.swift in Sources */ = {isa = PBXBuildFile; fileRef = 2E75CEA022B39FAB006855C0 /* PhotoGalleryCollectionViewController.swift */; };
		2E75CEA422B3AEB9006855C0 /* FetchClient.swift in Sources */ = {isa = PBXBuildFile; fileRef = 2E75CEA322B3AEB9006855C0 /* FetchClient.swift */; };
		2E75CEA622B3B076006855C0 /* Result.swift in Sources */ = {isa = PBXBuildFile; fileRef = 2E75CEA522B3B076006855C0 /* Result.swift */; };
		2E75CEA822B3B0A4006855C0 /* FetchResults.swift in Sources */ = {isa = PBXBuildFile; fileRef = 2E75CEA722B3B0A4006855C0 /* FetchResults.swift */; };
		2E75CEAA22B3B0C0006855C0 /* Photo.swift in Sources */ = {isa = PBXBuildFile; fileRef = 2E75CEA922B3B0C0006855C0 /* Photo.swift */; };
		2E75CEAC22B3D1FB006855C0 /* GalleryCollectionViewCell.swift in Sources */ = {isa = PBXBuildFile; fileRef = 2E75CEAB22B3D1FB006855C0 /* GalleryCollectionViewCell.swift */; };
		2E75CEAE22B3DF99006855C0 /* GalleryCollectionReusableView.swift in Sources */ = {isa = PBXBuildFile; fileRef = 2E75CEAD22B3DF99006855C0 /* GalleryCollectionReusableView.swift */; };
		2E8B638D22B7A730001AFD92 /* ImageManager.swift in Sources */ = {isa = PBXBuildFile; fileRef = 2E8B638C22B7A730001AFD92 /* ImageManager.swift */; };
		2E8B639522B7B6B5001AFD92 /* placeholder.png in Resources */ = {isa = PBXBuildFile; fileRef = 2E8B639422B7B6B5001AFD92 /* placeholder.png */; };
		2EAA970722B3EF15004E2A64 /* ImageViewController.swift in Sources */ = {isa = PBXBuildFile; fileRef = 2EAA970622B3EF15004E2A64 /* ImageViewController.swift */; };
		2EE00B2522B7F8E2006FA6BB /* PhotoModel.xcdatamodeld in Sources */ = {isa = PBXBuildFile; fileRef = 2EE00B2322B7F8E2006FA6BB /* PhotoModel.xcdatamodeld */; };
/* End PBXBuildFile section */

/* Begin PBXContainerItemProxy section */
		2E4FCDD822B2927C00C258CE /* PBXContainerItemProxy */ = {
			isa = PBXContainerItemProxy;
			containerPortal = 2E4FCDBB22B2927A00C258CE /* Project object */;
			proxyType = 1;
			remoteGlobalIDString = 2E4FCDC222B2927A00C258CE;
			remoteInfo = "image-gallery";
		};
		2E4FCDE322B2927C00C258CE /* PBXContainerItemProxy */ = {
			isa = PBXContainerItemProxy;
			containerPortal = 2E4FCDBB22B2927A00C258CE /* Project object */;
			proxyType = 1;
			remoteGlobalIDString = 2E4FCDC222B2927A00C258CE;
			remoteInfo = "image-gallery";
		};
/* End PBXContainerItemProxy section */

/* Begin PBXFileReference section */
		2E4FCDC322B2927A00C258CE /* image-gallery.app */ = {isa = PBXFileReference; explicitFileType = wrapper.application; includeInIndex = 0; path = "image-gallery.app"; sourceTree = BUILT_PRODUCTS_DIR; };
		2E4FCDC622B2927A00C258CE /* AppDelegate.swift */ = {isa = PBXFileReference; lastKnownFileType = sourcecode.swift; path = AppDelegate.swift; sourceTree = "<group>"; };
		2E4FCDCB22B2927A00C258CE /* Base */ = {isa = PBXFileReference; lastKnownFileType = file.storyboard; name = Base; path = Base.lproj/Main.storyboard; sourceTree = "<group>"; };
		2E4FCDCD22B2927C00C258CE /* Assets.xcassets */ = {isa = PBXFileReference; lastKnownFileType = folder.assetcatalog; path = Assets.xcassets; sourceTree = "<group>"; };
		2E4FCDD022B2927C00C258CE /* Base */ = {isa = PBXFileReference; lastKnownFileType = file.storyboard; name = Base; path = Base.lproj/LaunchScreen.storyboard; sourceTree = "<group>"; };
		2E4FCDD222B2927C00C258CE /* Info.plist */ = {isa = PBXFileReference; lastKnownFileType = text.plist.xml; path = Info.plist; sourceTree = "<group>"; };
		2E4FCDD722B2927C00C258CE /* image-galleryTests.xctest */ = {isa = PBXFileReference; explicitFileType = wrapper.cfbundle; includeInIndex = 0; path = "image-galleryTests.xctest"; sourceTree = BUILT_PRODUCTS_DIR; };
		2E4FCDDB22B2927C00C258CE /* image_galleryTests.swift */ = {isa = PBXFileReference; lastKnownFileType = sourcecode.swift; path = image_galleryTests.swift; sourceTree = "<group>"; };
		2E4FCDDD22B2927C00C258CE /* Info.plist */ = {isa = PBXFileReference; lastKnownFileType = text.plist.xml; path = Info.plist; sourceTree = "<group>"; };
		2E4FCDE222B2927C00C258CE /* image-galleryUITests.xctest */ = {isa = PBXFileReference; explicitFileType = wrapper.cfbundle; includeInIndex = 0; path = "image-galleryUITests.xctest"; sourceTree = BUILT_PRODUCTS_DIR; };
		2E4FCDE622B2927D00C258CE /* image_galleryUITests.swift */ = {isa = PBXFileReference; lastKnownFileType = sourcecode.swift; path = image_galleryUITests.swift; sourceTree = "<group>"; };
		2E4FCDE822B2927D00C258CE /* Info.plist */ = {isa = PBXFileReference; lastKnownFileType = text.plist.xml; path = Info.plist; sourceTree = "<group>"; };
		2E75CEA022B39FAB006855C0 /* PhotoGalleryCollectionViewController.swift */ = {isa = PBXFileReference; lastKnownFileType = sourcecode.swift; path = PhotoGalleryCollectionViewController.swift; sourceTree = "<group>"; };
		2E75CEA322B3AEB9006855C0 /* FetchClient.swift */ = {isa = PBXFileReference; lastKnownFileType = sourcecode.swift; path = FetchClient.swift; sourceTree = "<group>"; };
		2E75CEA522B3B076006855C0 /* Result.swift */ = {isa = PBXFileReference; lastKnownFileType = sourcecode.swift; path = Result.swift; sourceTree = "<group>"; };
		2E75CEA722B3B0A4006855C0 /* FetchResults.swift */ = {isa = PBXFileReference; lastKnownFileType = sourcecode.swift; path = FetchResults.swift; sourceTree = "<group>"; };
		2E75CEA922B3B0C0006855C0 /* Photo.swift */ = {isa = PBXFileReference; lastKnownFileType = sourcecode.swift; path = Photo.swift; sourceTree = "<group>"; };
		2E75CEAB22B3D1FB006855C0 /* GalleryCollectionViewCell.swift */ = {isa = PBXFileReference; lastKnownFileType = sourcecode.swift; path = GalleryCollectionViewCell.swift; sourceTree = "<group>"; };
		2E75CEAD22B3DF99006855C0 /* GalleryCollectionReusableView.swift */ = {isa = PBXFileReference; lastKnownFileType = sourcecode.swift; path = GalleryCollectionReusableView.swift; sourceTree = "<group>"; };
		2E8B638C22B7A730001AFD92 /* ImageManager.swift */ = {isa = PBXFileReference; lastKnownFileType = sourcecode.swift; path = ImageManager.swift; sourceTree = "<group>"; };
		2E8B639422B7B6B5001AFD92 /* placeholder.png */ = {isa = PBXFileReference; lastKnownFileType = image.png; path = placeholder.png; sourceTree = "<group>"; };
		2EAA970622B3EF15004E2A64 /* ImageViewController.swift */ = {isa = PBXFileReference; lastKnownFileType = sourcecode.swift; path = ImageViewController.swift; sourceTree = "<group>"; };
		2EE00B2422B7F8E2006FA6BB /* PhotoModel.xcdatamodel */ = {isa = PBXFileReference; lastKnownFileType = wrapper.xcdatamodel; path = PhotoModel.xcdatamodel; sourceTree = "<group>"; };
		2FF151597363E8F6F442EE7F /* Pods-image-gallery.release.xcconfig */ = {isa = PBXFileReference; includeInIndex = 1; lastKnownFileType = text.xcconfig; name = "Pods-image-gallery.release.xcconfig"; path = "Target Support Files/Pods-image-gallery/Pods-image-gallery.release.xcconfig"; sourceTree = "<group>"; };
		3574B8098A425D9289B237CB /* Pods_image_gallery.framework */ = {isa = PBXFileReference; explicitFileType = wrapper.framework; includeInIndex = 0; path = Pods_image_gallery.framework; sourceTree = BUILT_PRODUCTS_DIR; };
		8BB4CD7B5347BCD21976684F /* Pods-image-gallery.debug.xcconfig */ = {isa = PBXFileReference; includeInIndex = 1; lastKnownFileType = text.xcconfig; name = "Pods-image-gallery.debug.xcconfig"; path = "Target Support Files/Pods-image-gallery/Pods-image-gallery.debug.xcconfig"; sourceTree = "<group>"; };
/* End PBXFileReference section */

/* Begin PBXFrameworksBuildPhase section */
		2E4FCDC022B2927A00C258CE /* Frameworks */ = {
			isa = PBXFrameworksBuildPhase;
			buildActionMask = 2147483647;
			files = (
				02C5EF6AE1EBA0EE2AB7C587 /* Pods_image_gallery.framework in Frameworks */,
			);
			runOnlyForDeploymentPostprocessing = 0;
		};
		2E4FCDD422B2927C00C258CE /* Frameworks */ = {
			isa = PBXFrameworksBuildPhase;
			buildActionMask = 2147483647;
			files = (
			);
			runOnlyForDeploymentPostprocessing = 0;
		};
		2E4FCDDF22B2927C00C258CE /* Frameworks */ = {
			isa = PBXFrameworksBuildPhase;
			buildActionMask = 2147483647;
			files = (
			);
			runOnlyForDeploymentPostprocessing = 0;
		};
/* End PBXFrameworksBuildPhase section */

/* Begin PBXGroup section */
		2E4FCDBA22B2927A00C258CE = {
			isa = PBXGroup;
			children = (
				2E4FCDC522B2927A00C258CE /* image-gallery */,
				2E4FCDDA22B2927C00C258CE /* image-galleryTests */,
				2E4FCDE522B2927D00C258CE /* image-galleryUITests */,
				2E4FCDC422B2927A00C258CE /* Products */,
				9665AAA755EE14FBAB2C69E3 /* Pods */,
				512259E6D8F287C19910E02F /* Frameworks */,
			);
			sourceTree = "<group>";
		};
		2E4FCDC422B2927A00C258CE /* Products */ = {
			isa = PBXGroup;
			children = (
				2E4FCDC322B2927A00C258CE /* image-gallery.app */,
				2E4FCDD722B2927C00C258CE /* image-galleryTests.xctest */,
				2E4FCDE222B2927C00C258CE /* image-galleryUITests.xctest */,
			);
			name = Products;
			sourceTree = "<group>";
		};
		2E4FCDC522B2927A00C258CE /* image-gallery */ = {
			isa = PBXGroup;
			children = (
				2E8B638E22B7B3F1001AFD92 /* Assets */,
				2E75CEA222B3AE52006855C0 /* API */,
				2E4FCDC622B2927A00C258CE /* AppDelegate.swift */,
				2EE00B2322B7F8E2006FA6BB /* PhotoModel.xcdatamodeld */,
				2E4FCDCA22B2927A00C258CE /* Main.storyboard */,
				2EAA970622B3EF15004E2A64 /* ImageViewController.swift */,
				2E75CEAB22B3D1FB006855C0 /* GalleryCollectionViewCell.swift */,
				2E75CEA022B39FAB006855C0 /* PhotoGalleryCollectionViewController.swift */,
				2E4FCDCD22B2927C00C258CE /* Assets.xcassets */,
				2E4FCDCF22B2927C00C258CE /* LaunchScreen.storyboard */,
				2E4FCDD222B2927C00C258CE /* Info.plist */,
				2E75CEAD22B3DF99006855C0 /* GalleryCollectionReusableView.swift */,
				2E8B638C22B7A730001AFD92 /* ImageManager.swift */,
			);
			path = "image-gallery";
			sourceTree = "<group>";
		};
		2E4FCDDA22B2927C00C258CE /* image-galleryTests */ = {
			isa = PBXGroup;
			children = (
				2E4FCDDB22B2927C00C258CE /* image_galleryTests.swift */,
				2E4FCDDD22B2927C00C258CE /* Info.plist */,
			);
			path = "image-galleryTests";
			sourceTree = "<group>";
		};
		2E4FCDE522B2927D00C258CE /* image-galleryUITests */ = {
			isa = PBXGroup;
			children = (
				2E4FCDE622B2927D00C258CE /* image_galleryUITests.swift */,
				2E4FCDE822B2927D00C258CE /* Info.plist */,
			);
			path = "image-galleryUITests";
			sourceTree = "<group>";
		};
		2E75CEA222B3AE52006855C0 /* API */ = {
			isa = PBXGroup;
			children = (
				2E75CEA322B3AEB9006855C0 /* FetchClient.swift */,
				2E75CEA522B3B076006855C0 /* Result.swift */,
				2E75CEA722B3B0A4006855C0 /* FetchResults.swift */,
				2E75CEA922B3B0C0006855C0 /* Photo.swift */,
			);
			path = API;
			sourceTree = "<group>";
		};
		2E8B638E22B7B3F1001AFD92 /* Assets */ = {
			isa = PBXGroup;
			children = (
				2E8B638F22B7B3FB001AFD92 /* Images */,
			);
			path = Assets;
			sourceTree = "<group>";
		};
		2E8B638F22B7B3FB001AFD92 /* Images */ = {
			isa = PBXGroup;
			children = (
				2E8B639422B7B6B5001AFD92 /* placeholder.png */,
			);
			path = Images;
			sourceTree = "<group>";
		};
		512259E6D8F287C19910E02F /* Frameworks */ = {
			isa = PBXGroup;
			children = (
				3574B8098A425D9289B237CB /* Pods_image_gallery.framework */,
			);
			name = Frameworks;
			sourceTree = "<group>";
		};
		9665AAA755EE14FBAB2C69E3 /* Pods */ = {
			isa = PBXGroup;
			children = (
				8BB4CD7B5347BCD21976684F /* Pods-image-gallery.debug.xcconfig */,
				2FF151597363E8F6F442EE7F /* Pods-image-gallery.release.xcconfig */,
			);
			path = Pods;
			sourceTree = "<group>";
		};
/* End PBXGroup section */

/* Begin PBXNativeTarget section */
		2E4FCDC222B2927A00C258CE /* image-gallery */ = {
			isa = PBXNativeTarget;
			buildConfigurationList = 2E4FCDEB22B2927D00C258CE /* Build configuration list for PBXNativeTarget "image-gallery" */;
			buildPhases = (
				7F707BA4D1650661AD1BE8BE /* [CP] Check Pods Manifest.lock */,
				2E4FCDBF22B2927A00C258CE /* Sources */,
				2E4FCDC022B2927A00C258CE /* Frameworks */,
				2E4FCDC122B2927A00C258CE /* Resources */,
				50DE87F282ADABFDE22C33EF /* [CP] Embed Pods Frameworks */,
			);
			buildRules = (
			);
			dependencies = (
			);
			name = "image-gallery";
			productName = "image-gallery";
			productReference = 2E4FCDC322B2927A00C258CE /* image-gallery.app */;
			productType = "com.apple.product-type.application";
		};
		2E4FCDD622B2927C00C258CE /* image-galleryTests */ = {
			isa = PBXNativeTarget;
			buildConfigurationList = 2E4FCDEE22B2927D00C258CE /* Build configuration list for PBXNativeTarget "image-galleryTests" */;
			buildPhases = (
				2E4FCDD322B2927C00C258CE /* Sources */,
				2E4FCDD422B2927C00C258CE /* Frameworks */,
				2E4FCDD522B2927C00C258CE /* Resources */,
			);
			buildRules = (
			);
			dependencies = (
				2E4FCDD922B2927C00C258CE /* PBXTargetDependency */,
			);
			name = "image-galleryTests";
			productName = "image-galleryTests";
			productReference = 2E4FCDD722B2927C00C258CE /* image-galleryTests.xctest */;
			productType = "com.apple.product-type.bundle.unit-test";
		};
		2E4FCDE122B2927C00C258CE /* image-galleryUITests */ = {
			isa = PBXNativeTarget;
			buildConfigurationList = 2E4FCDF122B2927D00C258CE /* Build configuration list for PBXNativeTarget "image-galleryUITests" */;
			buildPhases = (
				2E4FCDDE22B2927C00C258CE /* Sources */,
				2E4FCDDF22B2927C00C258CE /* Frameworks */,
				2E4FCDE022B2927C00C258CE /* Resources */,
			);
			buildRules = (
			);
			dependencies = (
				2E4FCDE422B2927C00C258CE /* PBXTargetDependency */,
			);
			name = "image-galleryUITests";
			productName = "image-galleryUITests";
			productReference = 2E4FCDE222B2927C00C258CE /* image-galleryUITests.xctest */;
			productType = "com.apple.product-type.bundle.ui-testing";
		};
/* End PBXNativeTarget section */

/* Begin PBXProject section */
		2E4FCDBB22B2927A00C258CE /* Project object */ = {
			isa = PBXProject;
			attributes = {
				LastSwiftUpdateCheck = 1000;
				LastUpgradeCheck = 1000;
				ORGANIZATIONNAME = "Александр Христо";
				TargetAttributes = {
					2E4FCDC222B2927A00C258CE = {
						CreatedOnToolsVersion = 10.0;
					};
					2E4FCDD622B2927C00C258CE = {
						CreatedOnToolsVersion = 10.0;
						TestTargetID = 2E4FCDC222B2927A00C258CE;
					};
					2E4FCDE122B2927C00C258CE = {
						CreatedOnToolsVersion = 10.0;
						TestTargetID = 2E4FCDC222B2927A00C258CE;
					};
				};
			};
			buildConfigurationList = 2E4FCDBE22B2927A00C258CE /* Build configuration list for PBXProject "image-gallery" */;
			compatibilityVersion = "Xcode 9.3";
			developmentRegion = en;
			hasScannedForEncodings = 0;
			knownRegions = (
				en,
				Base,
			);
			mainGroup = 2E4FCDBA22B2927A00C258CE;
			productRefGroup = 2E4FCDC422B2927A00C258CE /* Products */;
			projectDirPath = "";
			projectRoot = "";
			targets = (
				2E4FCDC222B2927A00C258CE /* image-gallery */,
				2E4FCDD622B2927C00C258CE /* image-galleryTests */,
				2E4FCDE122B2927C00C258CE /* image-galleryUITests */,
			);
		};
/* End PBXProject section */

/* Begin PBXResourcesBuildPhase section */
		2E4FCDC122B2927A00C258CE /* Resources */ = {
			isa = PBXResourcesBuildPhase;
			buildActionMask = 2147483647;
			files = (
				2E4FCDD122B2927C00C258CE /* LaunchScreen.storyboard in Resources */,
				2E8B639522B7B6B5001AFD92 /* placeholder.png in Resources */,
				2E4FCDCE22B2927C00C258CE /* Assets.xcassets in Resources */,
				2E4FCDCC22B2927A00C258CE /* Main.storyboard in Resources */,
			);
			runOnlyForDeploymentPostprocessing = 0;
		};
		2E4FCDD522B2927C00C258CE /* Resources */ = {
			isa = PBXResourcesBuildPhase;
			buildActionMask = 2147483647;
			files = (
			);
			runOnlyForDeploymentPostprocessing = 0;
		};
		2E4FCDE022B2927C00C258CE /* Resources */ = {
			isa = PBXResourcesBuildPhase;
			buildActionMask = 2147483647;
			files = (
			);
			runOnlyForDeploymentPostprocessing = 0;
		};
/* End PBXResourcesBuildPhase section */

/* Begin PBXShellScriptBuildPhase section */
		50DE87F282ADABFDE22C33EF /* [CP] Embed Pods Frameworks */ = {
			isa = PBXShellScriptBuildPhase;
			buildActionMask = 2147483647;
			files = (
			);
			inputFileListPaths = (
			);
			inputPaths = (
				"${PODS_ROOT}/Target Support Files/Pods-image-gallery/Pods-image-gallery-frameworks.sh",
				"${BUILT_PRODUCTS_DIR}/Alamofire/Alamofire.framework",
				"${BUILT_PRODUCTS_DIR}/PINCache/PINCache.framework",
				"${BUILT_PRODUCTS_DIR}/PINOperation/PINOperation.framework",
			);
			name = "[CP] Embed Pods Frameworks";
			outputFileListPaths = (
			);
			outputPaths = (
				"${TARGET_BUILD_DIR}/${FRAMEWORKS_FOLDER_PATH}/Alamofire.framework",
				"${TARGET_BUILD_DIR}/${FRAMEWORKS_FOLDER_PATH}/PINCache.framework",
				"${TARGET_BUILD_DIR}/${FRAMEWORKS_FOLDER_PATH}/PINOperation.framework",
			);
			runOnlyForDeploymentPostprocessing = 0;
			shellPath = /bin/sh;
			shellScript = "\"${PODS_ROOT}/Target Support Files/Pods-image-gallery/Pods-image-gallery-frameworks.sh\"\n";
			showEnvVarsInLog = 0;
		};
		7F707BA4D1650661AD1BE8BE /* [CP] Check Pods Manifest.lock */ = {
			isa = PBXShellScriptBuildPhase;
			buildActionMask = 2147483647;
			files = (
			);
			inputFileListPaths = (
			);
			inputPaths = (
				"${PODS_PODFILE_DIR_PATH}/Podfile.lock",
				"${PODS_ROOT}/Manifest.lock",
			);
			name = "[CP] Check Pods Manifest.lock";
			outputFileListPaths = (
			);
			outputPaths = (
				"$(DERIVED_FILE_DIR)/Pods-image-gallery-checkManifestLockResult.txt",
			);
			runOnlyForDeploymentPostprocessing = 0;
			shellPath = /bin/sh;
			shellScript = "diff \"${PODS_PODFILE_DIR_PATH}/Podfile.lock\" \"${PODS_ROOT}/Manifest.lock\" > /dev/null\nif [ $? != 0 ] ; then\n    # print error to STDERR\n    echo \"error: The sandbox is not in sync with the Podfile.lock. Run 'pod install' or update your CocoaPods installation.\" >&2\n    exit 1\nfi\n# This output is used by Xcode 'outputs' to avoid re-running this script phase.\necho \"SUCCESS\" > \"${SCRIPT_OUTPUT_FILE_0}\"\n";
			showEnvVarsInLog = 0;
		};
/* End PBXShellScriptBuildPhase section */

/* Begin PBXSourcesBuildPhase section */
		2E4FCDBF22B2927A00C258CE /* Sources */ = {
			isa = PBXSourcesBuildPhase;
			buildActionMask = 2147483647;
			files = (
				2E75CEAA22B3B0C0006855C0 /* Photo.swift in Sources */,
				2E75CEAC22B3D1FB006855C0 /* GalleryCollectionViewCell.swift in Sources */,
				2EAA970722B3EF15004E2A64 /* ImageViewController.swift in Sources */,
				2E75CEA122B39FAB006855C0 /* PhotoGalleryCollectionViewController.swift in Sources */,
				2E75CEA622B3B076006855C0 /* Result.swift in Sources */,
				2E75CEA422B3AEB9006855C0 /* FetchClient.swift in Sources */,
				2E75CEAE22B3DF99006855C0 /* GalleryCollectionReusableView.swift in Sources */,
				2E4FCDC722B2927A00C258CE /* AppDelegate.swift in Sources */,
				2EE00B2522B7F8E2006FA6BB /* PhotoModel.xcdatamodeld in Sources */,
				2E8B638D22B7A730001AFD92 /* ImageManager.swift in Sources */,
				2E75CEA822B3B0A4006855C0 /* FetchResults.swift in Sources */,
			);
			runOnlyForDeploymentPostprocessing = 0;
		};
		2E4FCDD322B2927C00C258CE /* Sources */ = {
			isa = PBXSourcesBuildPhase;
			buildActionMask = 2147483647;
			files = (
				2E4FCDDC22B2927C00C258CE /* image_galleryTests.swift in Sources */,
			);
			runOnlyForDeploymentPostprocessing = 0;
		};
		2E4FCDDE22B2927C00C258CE /* Sources */ = {
			isa = PBXSourcesBuildPhase;
			buildActionMask = 2147483647;
			files = (
				2E4FCDE722B2927D00C258CE /* image_galleryUITests.swift in Sources */,
			);
			runOnlyForDeploymentPostprocessing = 0;
		};
/* End PBXSourcesBuildPhase section */

/* Begin PBXTargetDependency section */
		2E4FCDD922B2927C00C258CE /* PBXTargetDependency */ = {
			isa = PBXTargetDependency;
			target = 2E4FCDC222B2927A00C258CE /* image-gallery */;
			targetProxy = 2E4FCDD822B2927C00C258CE /* PBXContainerItemProxy */;
		};
		2E4FCDE422B2927C00C258CE /* PBXTargetDependency */ = {
			isa = PBXTargetDependency;
			target = 2E4FCDC222B2927A00C258CE /* image-gallery */;
			targetProxy = 2E4FCDE322B2927C00C258CE /* PBXContainerItemProxy */;
		};
/* End PBXTargetDependency section */

/* Begin PBXVariantGroup section */
		2E4FCDCA22B2927A00C258CE /* Main.storyboard */ = {
			isa = PBXVariantGroup;
			children = (
				2E4FCDCB22B2927A00C258CE /* Base */,
			);
			name = Main.storyboard;
			sourceTree = "<group>";
		};
		2E4FCDCF22B2927C00C258CE /* LaunchScreen.storyboard */ = {
			isa = PBXVariantGroup;
			children = (
				2E4FCDD022B2927C00C258CE /* Base */,
			);
			name = LaunchScreen.storyboard;
			sourceTree = "<group>";
		};
/* End PBXVariantGroup section */

/* Begin XCBuildConfiguration section */
		2E4FCDE922B2927D00C258CE /* Debug */ = {
			isa = XCBuildConfiguration;
			buildSettings = {
				ALWAYS_SEARCH_USER_PATHS = NO;
				CLANG_ANALYZER_NONNULL = YES;
				CLANG_ANALYZER_NUMBER_OBJECT_CONVERSION = YES_AGGRESSIVE;
				CLANG_CXX_LANGUAGE_STANDARD = "gnu++14";
				CLANG_CXX_LIBRARY = "libc++";
				CLANG_ENABLE_MODULES = YES;
				CLANG_ENABLE_OBJC_ARC = YES;
				CLANG_ENABLE_OBJC_WEAK = YES;
				CLANG_WARN_BLOCK_CAPTURE_AUTORELEASING = YES;
				CLANG_WARN_BOOL_CONVERSION = YES;
				CLANG_WARN_COMMA = YES;
				CLANG_WARN_CONSTANT_CONVERSION = YES;
				CLANG_WARN_DEPRECATED_OBJC_IMPLEMENTATIONS = YES;
				CLANG_WARN_DIRECT_OBJC_ISA_USAGE = YES_ERROR;
				CLANG_WARN_DOCUMENTATION_COMMENTS = YES;
				CLANG_WARN_EMPTY_BODY = YES;
				CLANG_WARN_ENUM_CONVERSION = YES;
				CLANG_WARN_INFINITE_RECURSION = YES;
				CLANG_WARN_INT_CONVERSION = YES;
				CLANG_WARN_NON_LITERAL_NULL_CONVERSION = YES;
				CLANG_WARN_OBJC_IMPLICIT_RETAIN_SELF = YES;
				CLANG_WARN_OBJC_LITERAL_CONVERSION = YES;
				CLANG_WARN_OBJC_ROOT_CLASS = YES_ERROR;
				CLANG_WARN_RANGE_LOOP_ANALYSIS = YES;
				CLANG_WARN_STRICT_PROTOTYPES = YES;
				CLANG_WARN_SUSPICIOUS_MOVE = YES;
				CLANG_WARN_UNGUARDED_AVAILABILITY = YES_AGGRESSIVE;
				CLANG_WARN_UNREACHABLE_CODE = YES;
				CLANG_WARN__DUPLICATE_METHOD_MATCH = YES;
				CODE_SIGN_IDENTITY = "iPhone Developer";
				COPY_PHASE_STRIP = NO;
				DEBUG_INFORMATION_FORMAT = dwarf;
				ENABLE_STRICT_OBJC_MSGSEND = YES;
				ENABLE_TESTABILITY = YES;
				GCC_C_LANGUAGE_STANDARD = gnu11;
				GCC_DYNAMIC_NO_PIC = NO;
				GCC_NO_COMMON_BLOCKS = YES;
				GCC_OPTIMIZATION_LEVEL = 0;
				GCC_PREPROCESSOR_DEFINITIONS = (
					"DEBUG=1",
					"$(inherited)",
				);
				GCC_WARN_64_TO_32_BIT_CONVERSION = YES;
				GCC_WARN_ABOUT_RETURN_TYPE = YES_ERROR;
				GCC_WARN_UNDECLARED_SELECTOR = YES;
				GCC_WARN_UNINITIALIZED_AUTOS = YES_AGGRESSIVE;
				GCC_WARN_UNUSED_FUNCTION = YES;
				GCC_WARN_UNUSED_VARIABLE = YES;
				IPHONEOS_DEPLOYMENT_TARGET = 12.0;
				MTL_ENABLE_DEBUG_INFO = INCLUDE_SOURCE;
				MTL_FAST_MATH = YES;
				ONLY_ACTIVE_ARCH = YES;
				SDKROOT = iphoneos;
				SWIFT_ACTIVE_COMPILATION_CONDITIONS = DEBUG;
				SWIFT_OPTIMIZATION_LEVEL = "-Onone";
			};
			name = Debug;
		};
		2E4FCDEA22B2927D00C258CE /* Release */ = {
			isa = XCBuildConfiguration;
			buildSettings = {
				ALWAYS_SEARCH_USER_PATHS = NO;
				CLANG_ANALYZER_NONNULL = YES;
				CLANG_ANALYZER_NUMBER_OBJECT_CONVERSION = YES_AGGRESSIVE;
				CLANG_CXX_LANGUAGE_STANDARD = "gnu++14";
				CLANG_CXX_LIBRARY = "libc++";
				CLANG_ENABLE_MODULES = YES;
				CLANG_ENABLE_OBJC_ARC = YES;
				CLANG_ENABLE_OBJC_WEAK = YES;
				CLANG_WARN_BLOCK_CAPTURE_AUTORELEASING = YES;
				CLANG_WARN_BOOL_CONVERSION = YES;
				CLANG_WARN_COMMA = YES;
				CLANG_WARN_CONSTANT_CONVERSION = YES;
				CLANG_WARN_DEPRECATED_OBJC_IMPLEMENTATIONS = YES;
				CLANG_WARN_DIRECT_OBJC_ISA_USAGE = YES_ERROR;
				CLANG_WARN_DOCUMENTATION_COMMENTS = YES;
				CLANG_WARN_EMPTY_BODY = YES;
				CLANG_WARN_ENUM_CONVERSION = YES;
				CLANG_WARN_INFINITE_RECURSION = YES;
				CLANG_WARN_INT_CONVERSION = YES;
				CLANG_WARN_NON_LITERAL_NULL_CONVERSION = YES;
				CLANG_WARN_OBJC_IMPLICIT_RETAIN_SELF = YES;
				CLANG_WARN_OBJC_LITERAL_CONVERSION = YES;
				CLANG_WARN_OBJC_ROOT_CLASS = YES_ERROR;
				CLANG_WARN_RANGE_LOOP_ANALYSIS = YES;
				CLANG_WARN_STRICT_PROTOTYPES = YES;
				CLANG_WARN_SUSPICIOUS_MOVE = YES;
				CLANG_WARN_UNGUARDED_AVAILABILITY = YES_AGGRESSIVE;
				CLANG_WARN_UNREACHABLE_CODE = YES;
				CLANG_WARN__DUPLICATE_METHOD_MATCH = YES;
				CODE_SIGN_IDENTITY = "iPhone Developer";
				COPY_PHASE_STRIP = NO;
				DEBUG_INFORMATION_FORMAT = "dwarf-with-dsym";
				ENABLE_NS_ASSERTIONS = NO;
				ENABLE_STRICT_OBJC_MSGSEND = YES;
				GCC_C_LANGUAGE_STANDARD = gnu11;
				GCC_NO_COMMON_BLOCKS = YES;
				GCC_WARN_64_TO_32_BIT_CONVERSION = YES;
				GCC_WARN_ABOUT_RETURN_TYPE = YES_ERROR;
				GCC_WARN_UNDECLARED_SELECTOR = YES;
				GCC_WARN_UNINITIALIZED_AUTOS = YES_AGGRESSIVE;
				GCC_WARN_UNUSED_FUNCTION = YES;
				GCC_WARN_UNUSED_VARIABLE = YES;
				IPHONEOS_DEPLOYMENT_TARGET = 12.0;
				MTL_ENABLE_DEBUG_INFO = NO;
				MTL_FAST_MATH = YES;
				SDKROOT = iphoneos;
				SWIFT_COMPILATION_MODE = wholemodule;
				SWIFT_OPTIMIZATION_LEVEL = "-O";
				VALIDATE_PRODUCT = YES;
			};
			name = Release;
		};
		2E4FCDEC22B2927D00C258CE /* Debug */ = {
			isa = XCBuildConfiguration;
			baseConfigurationReference = 8BB4CD7B5347BCD21976684F /* Pods-image-gallery.debug.xcconfig */;
			buildSettings = {
				ASSETCATALOG_COMPILER_APPICON_NAME = AppIcon;
				CODE_SIGN_STYLE = Automatic;
				DEVELOPMENT_TEAM = D7KBZD7499;
				INFOPLIST_FILE = "image-gallery/Info.plist";
				LD_RUNPATH_SEARCH_PATHS = (
					"$(inherited)",
					"@executable_path/Frameworks",
				);
				PRODUCT_BUNDLE_IDENTIFIER = "kotofenum.image-gallery";
				PRODUCT_NAME = "$(TARGET_NAME)";
				SWIFT_VERSION = 4.2;
				TARGETED_DEVICE_FAMILY = "1,2";
			};
			name = Debug;
		};
		2E4FCDED22B2927D00C258CE /* Release */ = {
			isa = XCBuildConfiguration;
			baseConfigurationReference = 2FF151597363E8F6F442EE7F /* Pods-image-gallery.release.xcconfig */;
			buildSettings = {
				ASSETCATALOG_COMPILER_APPICON_NAME = AppIcon;
				CODE_SIGN_STYLE = Automatic;
				DEVELOPMENT_TEAM = D7KBZD7499;
				INFOPLIST_FILE = "image-gallery/Info.plist";
				LD_RUNPATH_SEARCH_PATHS = (
					"$(inherited)",
					"@executable_path/Frameworks",
				);
				PRODUCT_BUNDLE_IDENTIFIER = "kotofenum.image-gallery";
				PRODUCT_NAME = "$(TARGET_NAME)";
				SWIFT_VERSION = 4.2;
				TARGETED_DEVICE_FAMILY = "1,2";
			};
			name = Release;
		};
		2E4FCDEF22B2927D00C258CE /* Debug */ = {
			isa = XCBuildConfiguration;
			buildSettings = {
				ALWAYS_EMBED_SWIFT_STANDARD_LIBRARIES = YES;
				BUNDLE_LOADER = "$(TEST_HOST)";
				CODE_SIGN_STYLE = Automatic;
				DEVELOPMENT_TEAM = D7KBZD7499;
				INFOPLIST_FILE = "image-galleryTests/Info.plist";
				LD_RUNPATH_SEARCH_PATHS = (
					"$(inherited)",
					"@executable_path/Frameworks",
					"@loader_path/Frameworks",
				);
				PRODUCT_BUNDLE_IDENTIFIER = "kotofenum.image-galleryTests";
				PRODUCT_NAME = "$(TARGET_NAME)";
				SWIFT_VERSION = 4.2;
				TARGETED_DEVICE_FAMILY = "1,2";
				TEST_HOST = "$(BUILT_PRODUCTS_DIR)/image-gallery.app/image-gallery";
			};
			name = Debug;
		};
		2E4FCDF022B2927D00C258CE /* Release */ = {
			isa = XCBuildConfiguration;
			buildSettings = {
				ALWAYS_EMBED_SWIFT_STANDARD_LIBRARIES = YES;
				BUNDLE_LOADER = "$(TEST_HOST)";
				CODE_SIGN_STYLE = Automatic;
				DEVELOPMENT_TEAM = D7KBZD7499;
				INFOPLIST_FILE = "image-galleryTests/Info.plist";
				LD_RUNPATH_SEARCH_PATHS = (
					"$(inherited)",
					"@executable_path/Frameworks",
					"@loader_path/Frameworks",
				);
				PRODUCT_BUNDLE_IDENTIFIER = "kotofenum.image-galleryTests";
				PRODUCT_NAME = "$(TARGET_NAME)";
				SWIFT_VERSION = 4.2;
				TARGETED_DEVICE_FAMILY = "1,2";
				TEST_HOST = "$(BUILT_PRODUCTS_DIR)/image-gallery.app/image-gallery";
			};
			name = Release;
		};
		2E4FCDF222B2927D00C258CE /* Debug */ = {
			isa = XCBuildConfiguration;
			buildSettings = {
				ALWAYS_EMBED_SWIFT_STANDARD_LIBRARIES = YES;
				CODE_SIGN_STYLE = Automatic;
				DEVELOPMENT_TEAM = D7KBZD7499;
				INFOPLIST_FILE = "image-galleryUITests/Info.plist";
				LD_RUNPATH_SEARCH_PATHS = (
					"$(inherited)",
					"@executable_path/Frameworks",
					"@loader_path/Frameworks",
				);
				PRODUCT_BUNDLE_IDENTIFIER = "kotofenum.image-galleryUITests";
				PRODUCT_NAME = "$(TARGET_NAME)";
				SWIFT_VERSION = 4.2;
				TARGETED_DEVICE_FAMILY = "1,2";
				TEST_TARGET_NAME = "image-gallery";
			};
			name = Debug;
		};
		2E4FCDF322B2927D00C258CE /* Release */ = {
			isa = XCBuildConfiguration;
			buildSettings = {
				ALWAYS_EMBED_SWIFT_STANDARD_LIBRARIES = YES;
				CODE_SIGN_STYLE = Automatic;
				DEVELOPMENT_TEAM = D7KBZD7499;
				INFOPLIST_FILE = "image-galleryUITests/Info.plist";
				LD_RUNPATH_SEARCH_PATHS = (
					"$(inherited)",
					"@executable_path/Frameworks",
					"@loader_path/Frameworks",
				);
				PRODUCT_BUNDLE_IDENTIFIER = "kotofenum.image-galleryUITests";
				PRODUCT_NAME = "$(TARGET_NAME)";
				SWIFT_VERSION = 4.2;
				TARGETED_DEVICE_FAMILY = "1,2";
				TEST_TARGET_NAME = "image-gallery";
			};
			name = Release;
		};
/* End XCBuildConfiguration section */

/* Begin XCConfigurationList section */
		2E4FCDBE22B2927A00C258CE /* Build configuration list for PBXProject "image-gallery" */ = {
			isa = XCConfigurationList;
			buildConfigurations = (
				2E4FCDE922B2927D00C258CE /* Debug */,
				2E4FCDEA22B2927D00C258CE /* Release */,
			);
			defaultConfigurationIsVisible = 0;
			defaultConfigurationName = Release;
		};
		2E4FCDEB22B2927D00C258CE /* Build configuration list for PBXNativeTarget "image-gallery" */ = {
			isa = XCConfigurationList;
			buildConfigurations = (
				2E4FCDEC22B2927D00C258CE /* Debug */,
				2E4FCDED22B2927D00C258CE /* Release */,
			);
			defaultConfigurationIsVisible = 0;
			defaultConfigurationName = Release;
		};
		2E4FCDEE22B2927D00C258CE /* Build configuration list for PBXNativeTarget "image-galleryTests" */ = {
			isa = XCConfigurationList;
			buildConfigurations = (
				2E4FCDEF22B2927D00C258CE /* Debug */,
				2E4FCDF022B2927D00C258CE /* Release */,
			);
			defaultConfigurationIsVisible = 0;
			defaultConfigurationName = Release;
		};
		2E4FCDF122B2927D00C258CE /* Build configuration list for PBXNativeTarget "image-galleryUITests" */ = {
			isa = XCConfigurationList;
			buildConfigurations = (
				2E4FCDF222B2927D00C258CE /* Debug */,
				2E4FCDF322B2927D00C258CE /* Release */,
			);
			defaultConfigurationIsVisible = 0;
			defaultConfigurationName = Release;
		};
/* End XCConfigurationList section */

/* Begin XCVersionGroup section */
		2EE00B2322B7F8E2006FA6BB /* PhotoModel.xcdatamodeld */ = {
			isa = XCVersionGroup;
			children = (
				2EE00B2422B7F8E2006FA6BB /* PhotoModel.xcdatamodel */,
			);
			currentVersion = 2EE00B2422B7F8E2006FA6BB /* PhotoModel.xcdatamodel */;
			path = PhotoModel.xcdatamodeld;
			sourceTree = "<group>";
			versionGroupType = wrapper.xcdatamodel;
		};
/* End XCVersionGroup section */
	};
	rootObject = 2E4FCDBB22B2927A00C258CE /* Project object */;
}
